// !$*UTF8*$!
{
	archiveVersion = 1;
	classes = {
	};
	objectVersion = 50;
	objects = {

/* Begin PBXBuildFile section */
		2E1D21A422F2471BFF0DE9D7 /* Pods_BrainPieTests.framework in Frameworks */ = {isa = PBXBuildFile; fileRef = 4B1650C32E6E0A8177102C65 /* Pods_BrainPieTests.framework */; };
		50420D578879DB90DA1C35E3 /* Pods_BrainPie.framework in Frameworks */ = {isa = PBXBuildFile; fileRef = 5B800E2CA7C45B7B256BDC1E /* Pods_BrainPie.framework */; };
		5B602C3421FC69E9002E4EE4 /* Extensions.swift in Sources */ = {isa = PBXBuildFile; fileRef = 5B602C3321FC69E9002E4EE4 /* Extensions.swift */; };
		5B6A7C6F21FC6D8900E956E7 /* CellsID.swift in Sources */ = {isa = PBXBuildFile; fileRef = 5B6A7C6E21FC6D8900E956E7 /* CellsID.swift */; };
		5B6A7C7121FC6E1A00E956E7 /* CaptureViewController.swift in Sources */ = {isa = PBXBuildFile; fileRef = 5B6A7C7021FC6E1A00E956E7 /* CaptureViewController.swift */; };
		5B6A7C7321FC6E2A00E956E7 /* ChatBotViewController.swift in Sources */ = {isa = PBXBuildFile; fileRef = 5B6A7C7221FC6E2A00E956E7 /* ChatBotViewController.swift */; };
		5B6A7C7521FC6E3D00E956E7 /* HomeViewController.swift in Sources */ = {isa = PBXBuildFile; fileRef = 5B6A7C7421FC6E3D00E956E7 /* HomeViewController.swift */; };
		5B6A7C7721FC6E5300E956E7 /* MainTabBarController.swift in Sources */ = {isa = PBXBuildFile; fileRef = 5B6A7C7621FC6E5300E956E7 /* MainTabBarController.swift */; };
		5B6A7C7921FC6E6A00E956E7 /* SettingsViewController.swift in Sources */ = {isa = PBXBuildFile; fileRef = 5B6A7C7821FC6E6A00E956E7 /* SettingsViewController.swift */; };
		5B6A7C7B21FC6FF600E956E7 /* LessonsViewController.swift in Sources */ = {isa = PBXBuildFile; fileRef = 5B6A7C7A21FC6FF600E956E7 /* LessonsViewController.swift */; };
		5B6A7C7D21FC703800E956E7 /* LanguageHeaderCollectionViewCell.swift in Sources */ = {isa = PBXBuildFile; fileRef = 5B6A7C7C21FC703800E956E7 /* LanguageHeaderCollectionViewCell.swift */; };
		5B6A7C7F21FC704C00E956E7 /* LanguageCollectionViewCell.swift in Sources */ = {isa = PBXBuildFile; fileRef = 5B6A7C7E21FC704C00E956E7 /* LanguageCollectionViewCell.swift */; };
		5B6A7C8121FC705D00E956E7 /* ContinueCourseCollectionViewCell.swift in Sources */ = {isa = PBXBuildFile; fileRef = 5B6A7C8021FC705D00E956E7 /* ContinueCourseCollectionViewCell.swift */; };
		E0A0C6F821FC64450001F83D /* AppDelegate.swift in Sources */ = {isa = PBXBuildFile; fileRef = E0A0C6F721FC64450001F83D /* AppDelegate.swift */; };
		E0A0C6FD21FC64450001F83D /* Main.storyboard in Resources */ = {isa = PBXBuildFile; fileRef = E0A0C6FB21FC64450001F83D /* Main.storyboard */; };
		E0A0C6FF21FC64450001F83D /* Assets.xcassets in Resources */ = {isa = PBXBuildFile; fileRef = E0A0C6FE21FC64450001F83D /* Assets.xcassets */; };
		E0A0C70221FC64450001F83D /* LaunchScreen.storyboard in Resources */ = {isa = PBXBuildFile; fileRef = E0A0C70021FC64450001F83D /* LaunchScreen.storyboard */; };
		E0A0C70D21FC64450001F83D /* BrainPieTests.swift in Sources */ = {isa = PBXBuildFile; fileRef = E0A0C70C21FC64450001F83D /* BrainPieTests.swift */; };
		E0A0C71821FC64460001F83D /* BrainPieUITests.swift in Sources */ = {isa = PBXBuildFile; fileRef = E0A0C71721FC64460001F83D /* BrainPieUITests.swift */; };
		E0A0C74D21FC729F0001F83D /* BlankQuizContainerCell.xib in Resources */ = {isa = PBXBuildFile; fileRef = E0A0C74A21FC729F0001F83D /* BlankQuizContainerCell.xib */; };
		E0A0C74E21FC729F0001F83D /* QuizViewController.swift in Sources */ = {isa = PBXBuildFile; fileRef = E0A0C74B21FC729F0001F83D /* QuizViewController.swift */; };
		E0A0C74F21FC729F0001F83D /* BlankQuizContainerCell.swift in Sources */ = {isa = PBXBuildFile; fileRef = E0A0C74C21FC729F0001F83D /* BlankQuizContainerCell.swift */; };
		E0A0C75521FC72B60001F83D /* ImageQuizContainerCell.xib in Resources */ = {isa = PBXBuildFile; fileRef = E0A0C75121FC72B60001F83D /* ImageQuizContainerCell.xib */; };
		E0A0C75621FC72B60001F83D /* ImageQuizContainerSectionController.swift in Sources */ = {isa = PBXBuildFile; fileRef = E0A0C75221FC72B60001F83D /* ImageQuizContainerSectionController.swift */; };
		E0A0C75721FC72B60001F83D /* ImageQuizContainerCell.swift in Sources */ = {isa = PBXBuildFile; fileRef = E0A0C75321FC72B60001F83D /* ImageQuizContainerCell.swift */; };
		E0A0C75821FC72B60001F83D /* ImageQuizContainerItem.swift in Sources */ = {isa = PBXBuildFile; fileRef = E0A0C75421FC72B60001F83D /* ImageQuizContainerItem.swift */; };
		E0A0C75B21FC73140001F83D /* BlankQuizContainerItem.swift in Sources */ = {isa = PBXBuildFile; fileRef = E0A0C75921FC73130001F83D /* BlankQuizContainerItem.swift */; };
		E0A0C75C21FC73140001F83D /* BlankQuizContainerSectionController.swift in Sources */ = {isa = PBXBuildFile; fileRef = E0A0C75A21FC73140001F83D /* BlankQuizContainerSectionController.swift */; };
		EB80094C42474E8397FF4DF1 /* Pods_BrainPieUITests.framework in Frameworks */ = {isa = PBXBuildFile; fileRef = 88B74C280FB3EE3DBC20FC28 /* Pods_BrainPieUITests.framework */; };
/* End PBXBuildFile section */

/* Begin PBXContainerItemProxy section */
		E0A0C70921FC64450001F83D /* PBXContainerItemProxy */ = {
			isa = PBXContainerItemProxy;
			containerPortal = E0A0C6EC21FC64440001F83D /* Project object */;
			proxyType = 1;
			remoteGlobalIDString = E0A0C6F321FC64440001F83D;
			remoteInfo = BrainPie;
		};
		E0A0C71421FC64460001F83D /* PBXContainerItemProxy */ = {
			isa = PBXContainerItemProxy;
			containerPortal = E0A0C6EC21FC64440001F83D /* Project object */;
			proxyType = 1;
			remoteGlobalIDString = E0A0C6F321FC64440001F83D;
			remoteInfo = BrainPie;
		};
/* End PBXContainerItemProxy section */

/* Begin PBXFileReference section */
		4B1650C32E6E0A8177102C65 /* Pods_BrainPieTests.framework */ = {isa = PBXFileReference; explicitFileType = wrapper.framework; includeInIndex = 0; path = Pods_BrainPieTests.framework; sourceTree = BUILT_PRODUCTS_DIR; };
		5468DFA27303A4503EA1F488 /* Pods-BrainPieUITests.debug.xcconfig */ = {isa = PBXFileReference; includeInIndex = 1; lastKnownFileType = text.xcconfig; name = "Pods-BrainPieUITests.debug.xcconfig"; path = "Pods/Target Support Files/Pods-BrainPieUITests/Pods-BrainPieUITests.debug.xcconfig"; sourceTree = "<group>"; };
		5B602C3321FC69E9002E4EE4 /* Extensions.swift */ = {isa = PBXFileReference; lastKnownFileType = sourcecode.swift; path = Extensions.swift; sourceTree = "<group>"; };
		5B6A7C6E21FC6D8900E956E7 /* CellsID.swift */ = {isa = PBXFileReference; lastKnownFileType = sourcecode.swift; path = CellsID.swift; sourceTree = "<group>"; };
		5B6A7C7021FC6E1A00E956E7 /* CaptureViewController.swift */ = {isa = PBXFileReference; lastKnownFileType = sourcecode.swift; path = CaptureViewController.swift; sourceTree = "<group>"; };
		5B6A7C7221FC6E2A00E956E7 /* ChatBotViewController.swift */ = {isa = PBXFileReference; lastKnownFileType = sourcecode.swift; path = ChatBotViewController.swift; sourceTree = "<group>"; };
		5B6A7C7421FC6E3D00E956E7 /* HomeViewController.swift */ = {isa = PBXFileReference; lastKnownFileType = sourcecode.swift; path = HomeViewController.swift; sourceTree = "<group>"; };
		5B6A7C7621FC6E5300E956E7 /* MainTabBarController.swift */ = {isa = PBXFileReference; lastKnownFileType = sourcecode.swift; path = MainTabBarController.swift; sourceTree = "<group>"; };
		5B6A7C7821FC6E6A00E956E7 /* SettingsViewController.swift */ = {isa = PBXFileReference; lastKnownFileType = sourcecode.swift; path = SettingsViewController.swift; sourceTree = "<group>"; };
		5B6A7C7A21FC6FF600E956E7 /* LessonsViewController.swift */ = {isa = PBXFileReference; lastKnownFileType = sourcecode.swift; path = LessonsViewController.swift; sourceTree = "<group>"; };
		5B6A7C7C21FC703800E956E7 /* LanguageHeaderCollectionViewCell.swift */ = {isa = PBXFileReference; lastKnownFileType = sourcecode.swift; path = LanguageHeaderCollectionViewCell.swift; sourceTree = "<group>"; };
		5B6A7C7E21FC704C00E956E7 /* LanguageCollectionViewCell.swift */ = {isa = PBXFileReference; lastKnownFileType = sourcecode.swift; path = LanguageCollectionViewCell.swift; sourceTree = "<group>"; };
		5B6A7C8021FC705D00E956E7 /* ContinueCourseCollectionViewCell.swift */ = {isa = PBXFileReference; lastKnownFileType = sourcecode.swift; path = ContinueCourseCollectionViewCell.swift; sourceTree = "<group>"; };
		5B800E2CA7C45B7B256BDC1E /* Pods_BrainPie.framework */ = {isa = PBXFileReference; explicitFileType = wrapper.framework; includeInIndex = 0; path = Pods_BrainPie.framework; sourceTree = BUILT_PRODUCTS_DIR; };
		75E4E03CC30038F145F7385A /* Pods-BrainPie.release.xcconfig */ = {isa = PBXFileReference; includeInIndex = 1; lastKnownFileType = text.xcconfig; name = "Pods-BrainPie.release.xcconfig"; path = "Pods/Target Support Files/Pods-BrainPie/Pods-BrainPie.release.xcconfig"; sourceTree = "<group>"; };
		88B74C280FB3EE3DBC20FC28 /* Pods_BrainPieUITests.framework */ = {isa = PBXFileReference; explicitFileType = wrapper.framework; includeInIndex = 0; path = Pods_BrainPieUITests.framework; sourceTree = BUILT_PRODUCTS_DIR; };
		9CE4BBC9084BB9D665EC703C /* Pods-BrainPieTests.debug.xcconfig */ = {isa = PBXFileReference; includeInIndex = 1; lastKnownFileType = text.xcconfig; name = "Pods-BrainPieTests.debug.xcconfig"; path = "Pods/Target Support Files/Pods-BrainPieTests/Pods-BrainPieTests.debug.xcconfig"; sourceTree = "<group>"; };
		C12A2772E7C45128831D7084 /* Pods-BrainPie.debug.xcconfig */ = {isa = PBXFileReference; includeInIndex = 1; lastKnownFileType = text.xcconfig; name = "Pods-BrainPie.debug.xcconfig"; path = "Pods/Target Support Files/Pods-BrainPie/Pods-BrainPie.debug.xcconfig"; sourceTree = "<group>"; };
		C5A7849C8E2470506BC3FF11 /* Pods-BrainPieTests.release.xcconfig */ = {isa = PBXFileReference; includeInIndex = 1; lastKnownFileType = text.xcconfig; name = "Pods-BrainPieTests.release.xcconfig"; path = "Pods/Target Support Files/Pods-BrainPieTests/Pods-BrainPieTests.release.xcconfig"; sourceTree = "<group>"; };
		DCC5BE3C4ADE07C45B41D398 /* Pods-BrainPieUITests.release.xcconfig */ = {isa = PBXFileReference; includeInIndex = 1; lastKnownFileType = text.xcconfig; name = "Pods-BrainPieUITests.release.xcconfig"; path = "Pods/Target Support Files/Pods-BrainPieUITests/Pods-BrainPieUITests.release.xcconfig"; sourceTree = "<group>"; };
		E0A0C6F421FC64450001F83D /* BrainPie.app */ = {isa = PBXFileReference; explicitFileType = wrapper.application; includeInIndex = 0; path = BrainPie.app; sourceTree = BUILT_PRODUCTS_DIR; };
		E0A0C6F721FC64450001F83D /* AppDelegate.swift */ = {isa = PBXFileReference; lastKnownFileType = sourcecode.swift; path = AppDelegate.swift; sourceTree = "<group>"; };
		E0A0C6FC21FC64450001F83D /* Base */ = {isa = PBXFileReference; lastKnownFileType = file.storyboard; name = Base; path = Base.lproj/Main.storyboard; sourceTree = "<group>"; };
		E0A0C6FE21FC64450001F83D /* Assets.xcassets */ = {isa = PBXFileReference; lastKnownFileType = folder.assetcatalog; path = Assets.xcassets; sourceTree = "<group>"; };
		E0A0C70121FC64450001F83D /* Base */ = {isa = PBXFileReference; lastKnownFileType = file.storyboard; name = Base; path = Base.lproj/LaunchScreen.storyboard; sourceTree = "<group>"; };
		E0A0C70321FC64450001F83D /* Info.plist */ = {isa = PBXFileReference; lastKnownFileType = text.plist.xml; path = Info.plist; sourceTree = "<group>"; };
		E0A0C70821FC64450001F83D /* BrainPieTests.xctest */ = {isa = PBXFileReference; explicitFileType = wrapper.cfbundle; includeInIndex = 0; path = BrainPieTests.xctest; sourceTree = BUILT_PRODUCTS_DIR; };
		E0A0C70C21FC64450001F83D /* BrainPieTests.swift */ = {isa = PBXFileReference; lastKnownFileType = sourcecode.swift; path = BrainPieTests.swift; sourceTree = "<group>"; };
		E0A0C70E21FC64460001F83D /* Info.plist */ = {isa = PBXFileReference; lastKnownFileType = text.plist.xml; path = Info.plist; sourceTree = "<group>"; };
		E0A0C71321FC64460001F83D /* BrainPieUITests.xctest */ = {isa = PBXFileReference; explicitFileType = wrapper.cfbundle; includeInIndex = 0; path = BrainPieUITests.xctest; sourceTree = BUILT_PRODUCTS_DIR; };
		E0A0C71721FC64460001F83D /* BrainPieUITests.swift */ = {isa = PBXFileReference; lastKnownFileType = sourcecode.swift; path = BrainPieUITests.swift; sourceTree = "<group>"; };
		E0A0C71921FC64460001F83D /* Info.plist */ = {isa = PBXFileReference; lastKnownFileType = text.plist.xml; path = Info.plist; sourceTree = "<group>"; };
		E0A0C74A21FC729F0001F83D /* BlankQuizContainerCell.xib */ = {isa = PBXFileReference; fileEncoding = 4; lastKnownFileType = file.xib; path = BlankQuizContainerCell.xib; sourceTree = "<group>"; };
		E0A0C74B21FC729F0001F83D /* QuizViewController.swift */ = {isa = PBXFileReference; fileEncoding = 4; lastKnownFileType = sourcecode.swift; path = QuizViewController.swift; sourceTree = "<group>"; };
		E0A0C74C21FC729F0001F83D /* BlankQuizContainerCell.swift */ = {isa = PBXFileReference; fileEncoding = 4; lastKnownFileType = sourcecode.swift; path = BlankQuizContainerCell.swift; sourceTree = "<group>"; };
		E0A0C75121FC72B60001F83D /* ImageQuizContainerCell.xib */ = {isa = PBXFileReference; fileEncoding = 4; lastKnownFileType = file.xib; path = ImageQuizContainerCell.xib; sourceTree = "<group>"; };
		E0A0C75221FC72B60001F83D /* ImageQuizContainerSectionController.swift */ = {isa = PBXFileReference; fileEncoding = 4; lastKnownFileType = sourcecode.swift; path = ImageQuizContainerSectionController.swift; sourceTree = "<group>"; };
		E0A0C75321FC72B60001F83D /* ImageQuizContainerCell.swift */ = {isa = PBXFileReference; fileEncoding = 4; lastKnownFileType = sourcecode.swift; path = ImageQuizContainerCell.swift; sourceTree = "<group>"; };
		E0A0C75421FC72B60001F83D /* ImageQuizContainerItem.swift */ = {isa = PBXFileReference; fileEncoding = 4; lastKnownFileType = sourcecode.swift; path = ImageQuizContainerItem.swift; sourceTree = "<group>"; };
		E0A0C75921FC73130001F83D /* BlankQuizContainerItem.swift */ = {isa = PBXFileReference; fileEncoding = 4; lastKnownFileType = sourcecode.swift; path = BlankQuizContainerItem.swift; sourceTree = "<group>"; };
		E0A0C75A21FC73140001F83D /* BlankQuizContainerSectionController.swift */ = {isa = PBXFileReference; fileEncoding = 4; lastKnownFileType = sourcecode.swift; path = BlankQuizContainerSectionController.swift; sourceTree = "<group>"; };
/* End PBXFileReference section */

/* Begin PBXFrameworksBuildPhase section */
		E0A0C6F121FC64440001F83D /* Frameworks */ = {
			isa = PBXFrameworksBuildPhase;
			buildActionMask = 2147483647;
			files = (
				50420D578879DB90DA1C35E3 /* Pods_BrainPie.framework in Frameworks */,
			);
			runOnlyForDeploymentPostprocessing = 0;
		};
		E0A0C70521FC64450001F83D /* Frameworks */ = {
			isa = PBXFrameworksBuildPhase;
			buildActionMask = 2147483647;
			files = (
				2E1D21A422F2471BFF0DE9D7 /* Pods_BrainPieTests.framework in Frameworks */,
			);
			runOnlyForDeploymentPostprocessing = 0;
		};
		E0A0C71021FC64460001F83D /* Frameworks */ = {
			isa = PBXFrameworksBuildPhase;
			buildActionMask = 2147483647;
			files = (
				EB80094C42474E8397FF4DF1 /* Pods_BrainPieUITests.framework in Frameworks */,
			);
			runOnlyForDeploymentPostprocessing = 0;
		};
/* End PBXFrameworksBuildPhase section */

/* Begin PBXGroup section */
		355138C962A215DF3004B57B /* Frameworks */ = {
			isa = PBXGroup;
			children = (
				5B800E2CA7C45B7B256BDC1E /* Pods_BrainPie.framework */,
				4B1650C32E6E0A8177102C65 /* Pods_BrainPieTests.framework */,
				88B74C280FB3EE3DBC20FC28 /* Pods_BrainPieUITests.framework */,
			);
			name = Frameworks;
			sourceTree = "<group>";
		};
		5B602C2F21FC69B2002E4EE4 /* Controller */ = {
			isa = PBXGroup;
			children = (
				E0A0C74B21FC729F0001F83D /* QuizViewController.swift */,
				5B6A7C7021FC6E1A00E956E7 /* CaptureViewController.swift */,
				5B6A7C7221FC6E2A00E956E7 /* ChatBotViewController.swift */,
				5B6A7C7421FC6E3D00E956E7 /* HomeViewController.swift */,
				5B6A7C7621FC6E5300E956E7 /* MainTabBarController.swift */,
				5B6A7C7821FC6E6A00E956E7 /* SettingsViewController.swift */,
				5B6A7C7A21FC6FF600E956E7 /* LessonsViewController.swift */,
			);
			path = Controller;
			sourceTree = "<group>";
		};
		5B602C3021FC69BD002E4EE4 /* View */ = {
			isa = PBXGroup;
			children = (
				E0A0C6FB21FC64450001F83D /* Main.storyboard */,
				E0A0C70021FC64450001F83D /* LaunchScreen.storyboard */,
				5B6A7C7C21FC703800E956E7 /* LanguageHeaderCollectionViewCell.swift */,
				5B6A7C7E21FC704C00E956E7 /* LanguageCollectionViewCell.swift */,
				5B6A7C8021FC705D00E956E7 /* ContinueCourseCollectionViewCell.swift */,
			);
			path = View;
			sourceTree = "<group>";
		};
		5B602C3121FC69C6002E4EE4 /* Model */ = {
			isa = PBXGroup;
			children = (
			);
			path = Model;
			sourceTree = "<group>";
		};
		5D1E6ABEC49DBFC9F8B229A3 /* Pods */ = {
			isa = PBXGroup;
			children = (
				C12A2772E7C45128831D7084 /* Pods-BrainPie.debug.xcconfig */,
				75E4E03CC30038F145F7385A /* Pods-BrainPie.release.xcconfig */,
				9CE4BBC9084BB9D665EC703C /* Pods-BrainPieTests.debug.xcconfig */,
				C5A7849C8E2470506BC3FF11 /* Pods-BrainPieTests.release.xcconfig */,
				5468DFA27303A4503EA1F488 /* Pods-BrainPieUITests.debug.xcconfig */,
				DCC5BE3C4ADE07C45B41D398 /* Pods-BrainPieUITests.release.xcconfig */,
			);
			name = Pods;
			sourceTree = "<group>";
		};
		E0A0C6EB21FC64440001F83D = {
			isa = PBXGroup;
			children = (
				E0A0C6F621FC64450001F83D /* BrainPie */,
				E0A0C70B21FC64450001F83D /* BrainPieTests */,
				E0A0C71621FC64460001F83D /* BrainPieUITests */,
				E0A0C6F521FC64450001F83D /* Products */,
				5D1E6ABEC49DBFC9F8B229A3 /* Pods */,
				355138C962A215DF3004B57B /* Frameworks */,
			);
			sourceTree = "<group>";
		};
		E0A0C6F521FC64450001F83D /* Products */ = {
			isa = PBXGroup;
			children = (
				E0A0C6F421FC64450001F83D /* BrainPie.app */,
				E0A0C70821FC64450001F83D /* BrainPieTests.xctest */,
				E0A0C71321FC64460001F83D /* BrainPieUITests.xctest */,
			);
			name = Products;
			sourceTree = "<group>";
		};
		E0A0C6F621FC64450001F83D /* BrainPie */ = {
			isa = PBXGroup;
			children = (
				E0A0C75021FC72A90001F83D /* QuizImageContainer */,
				E0A0C74921FC72910001F83D /* QuizBlankContainer */,
				5B602C3121FC69C6002E4EE4 /* Model */,
				5B602C3021FC69BD002E4EE4 /* View */,
				5B602C2F21FC69B2002E4EE4 /* Controller */,
				E0A0C6F721FC64450001F83D /* AppDelegate.swift */,
				E0A0C6FE21FC64450001F83D /* Assets.xcassets */,
				E0A0C70321FC64450001F83D /* Info.plist */,
				5B602C3321FC69E9002E4EE4 /* Extensions.swift */,
				5B6A7C6E21FC6D8900E956E7 /* CellsID.swift */,
			);
			path = BrainPie;
			sourceTree = "<group>";
		};
		E0A0C70B21FC64450001F83D /* BrainPieTests */ = {
			isa = PBXGroup;
			children = (
				E0A0C70C21FC64450001F83D /* BrainPieTests.swift */,
				E0A0C70E21FC64460001F83D /* Info.plist */,
			);
			path = BrainPieTests;
			sourceTree = "<group>";
		};
		E0A0C71621FC64460001F83D /* BrainPieUITests */ = {
			isa = PBXGroup;
			children = (
				E0A0C71721FC64460001F83D /* BrainPieUITests.swift */,
				E0A0C71921FC64460001F83D /* Info.plist */,
			);
			path = BrainPieUITests;
			sourceTree = "<group>";
		};
		E0A0C74921FC72910001F83D /* QuizBlankContainer */ = {
			isa = PBXGroup;
			children = (
				E0A0C75921FC73130001F83D /* BlankQuizContainerItem.swift */,
				E0A0C75A21FC73140001F83D /* BlankQuizContainerSectionController.swift */,
				E0A0C74C21FC729F0001F83D /* BlankQuizContainerCell.swift */,
				E0A0C74A21FC729F0001F83D /* BlankQuizContainerCell.xib */,
			);
			path = QuizBlankContainer;
			sourceTree = "<group>";
		};
		E0A0C75021FC72A90001F83D /* QuizImageContainer */ = {
			isa = PBXGroup;
			children = (
				E0A0C75321FC72B60001F83D /* ImageQuizContainerCell.swift */,
				E0A0C75121FC72B60001F83D /* ImageQuizContainerCell.xib */,
				E0A0C75421FC72B60001F83D /* ImageQuizContainerItem.swift */,
				E0A0C75221FC72B60001F83D /* ImageQuizContainerSectionController.swift */,
			);
			path = QuizImageContainer;
			sourceTree = "<group>";
		};
/* End PBXGroup section */

/* Begin PBXNativeTarget section */
		E0A0C6F321FC64440001F83D /* BrainPie */ = {
			isa = PBXNativeTarget;
			buildConfigurationList = E0A0C71C21FC64460001F83D /* Build configuration list for PBXNativeTarget "BrainPie" */;
			buildPhases = (
				8901BB673F096C2BFFDA3AB2 /* [CP] Check Pods Manifest.lock */,
				E0A0C6F021FC64440001F83D /* Sources */,
				E0A0C6F121FC64440001F83D /* Frameworks */,
				E0A0C6F221FC64440001F83D /* Resources */,
				E1B8FB27E6ACA250DC6DA34A /* [CP] Embed Pods Frameworks */,
			);
			buildRules = (
			);
			dependencies = (
			);
			name = BrainPie;
			productName = BrainPie;
			productReference = E0A0C6F421FC64450001F83D /* BrainPie.app */;
			productType = "com.apple.product-type.application";
		};
		E0A0C70721FC64450001F83D /* BrainPieTests */ = {
			isa = PBXNativeTarget;
			buildConfigurationList = E0A0C71F21FC64460001F83D /* Build configuration list for PBXNativeTarget "BrainPieTests" */;
			buildPhases = (
				94A8B272C2BCC50CCD0922EF /* [CP] Check Pods Manifest.lock */,
				E0A0C70421FC64450001F83D /* Sources */,
				E0A0C70521FC64450001F83D /* Frameworks */,
				E0A0C70621FC64450001F83D /* Resources */,
			);
			buildRules = (
			);
			dependencies = (
				E0A0C70A21FC64450001F83D /* PBXTargetDependency */,
			);
			name = BrainPieTests;
			productName = BrainPieTests;
			productReference = E0A0C70821FC64450001F83D /* BrainPieTests.xctest */;
			productType = "com.apple.product-type.bundle.unit-test";
		};
		E0A0C71221FC64460001F83D /* BrainPieUITests */ = {
			isa = PBXNativeTarget;
			buildConfigurationList = E0A0C72221FC64460001F83D /* Build configuration list for PBXNativeTarget "BrainPieUITests" */;
			buildPhases = (
				0E5076A872DAFF018900B9D0 /* [CP] Check Pods Manifest.lock */,
				E0A0C70F21FC64460001F83D /* Sources */,
				E0A0C71021FC64460001F83D /* Frameworks */,
				E0A0C71121FC64460001F83D /* Resources */,
			);
			buildRules = (
			);
			dependencies = (
				E0A0C71521FC64460001F83D /* PBXTargetDependency */,
			);
			name = BrainPieUITests;
			productName = BrainPieUITests;
			productReference = E0A0C71321FC64460001F83D /* BrainPieUITests.xctest */;
			productType = "com.apple.product-type.bundle.ui-testing";
		};
/* End PBXNativeTarget section */

/* Begin PBXProject section */
		E0A0C6EC21FC64440001F83D /* Project object */ = {
			isa = PBXProject;
			attributes = {
				LastSwiftUpdateCheck = 1010;
				LastUpgradeCheck = 1010;
				ORGANIZATIONNAME = "Ahmad Karkouti";
				TargetAttributes = {
					E0A0C6F321FC64440001F83D = {
						CreatedOnToolsVersion = 10.1;
					};
					E0A0C70721FC64450001F83D = {
						CreatedOnToolsVersion = 10.1;
						TestTargetID = E0A0C6F321FC64440001F83D;
					};
					E0A0C71221FC64460001F83D = {
						CreatedOnToolsVersion = 10.1;
						TestTargetID = E0A0C6F321FC64440001F83D;
					};
				};
			};
			buildConfigurationList = E0A0C6EF21FC64440001F83D /* Build configuration list for PBXProject "BrainPie" */;
			compatibilityVersion = "Xcode 9.3";
			developmentRegion = en;
			hasScannedForEncodings = 0;
			knownRegions = (
				en,
				Base,
			);
			mainGroup = E0A0C6EB21FC64440001F83D;
			productRefGroup = E0A0C6F521FC64450001F83D /* Products */;
			projectDirPath = "";
			projectRoot = "";
			targets = (
				E0A0C6F321FC64440001F83D /* BrainPie */,
				E0A0C70721FC64450001F83D /* BrainPieTests */,
				E0A0C71221FC64460001F83D /* BrainPieUITests */,
			);
		};
/* End PBXProject section */

/* Begin PBXResourcesBuildPhase section */
		E0A0C6F221FC64440001F83D /* Resources */ = {
			isa = PBXResourcesBuildPhase;
			buildActionMask = 2147483647;
			files = (
				E0A0C70221FC64450001F83D /* LaunchScreen.storyboard in Resources */,
				E0A0C6FF21FC64450001F83D /* Assets.xcassets in Resources */,
				E0A0C75521FC72B60001F83D /* ImageQuizContainerCell.xib in Resources */,
				E0A0C6FD21FC64450001F83D /* Main.storyboard in Resources */,
				E0A0C74D21FC729F0001F83D /* BlankQuizContainerCell.xib in Resources */,
			);
			runOnlyForDeploymentPostprocessing = 0;
		};
		E0A0C70621FC64450001F83D /* Resources */ = {
			isa = PBXResourcesBuildPhase;
			buildActionMask = 2147483647;
			files = (
			);
			runOnlyForDeploymentPostprocessing = 0;
		};
		E0A0C71121FC64460001F83D /* Resources */ = {
			isa = PBXResourcesBuildPhase;
			buildActionMask = 2147483647;
			files = (
			);
			runOnlyForDeploymentPostprocessing = 0;
		};
/* End PBXResourcesBuildPhase section */

/* Begin PBXShellScriptBuildPhase section */
		0E5076A872DAFF018900B9D0 /* [CP] Check Pods Manifest.lock */ = {
			isa = PBXShellScriptBuildPhase;
			buildActionMask = 2147483647;
			files = (
			);
			inputPaths = (
				"${PODS_PODFILE_DIR_PATH}/Podfile.lock",
				"${PODS_ROOT}/Manifest.lock",
			);
			name = "[CP] Check Pods Manifest.lock";
			outputPaths = (
				"$(DERIVED_FILE_DIR)/Pods-BrainPieUITests-checkManifestLockResult.txt",
			);
			runOnlyForDeploymentPostprocessing = 0;
			shellPath = /bin/sh;
			shellScript = "diff \"${PODS_PODFILE_DIR_PATH}/Podfile.lock\" \"${PODS_ROOT}/Manifest.lock\" > /dev/null\nif [ $? != 0 ] ; then\n    # print error to STDERR\n    echo \"error: The sandbox is not in sync with the Podfile.lock. Run 'pod install' or update your CocoaPods installation.\" >&2\n    exit 1\nfi\n# This output is used by Xcode 'outputs' to avoid re-running this script phase.\necho \"SUCCESS\" > \"${SCRIPT_OUTPUT_FILE_0}\"\n";
			showEnvVarsInLog = 0;
		};
		8901BB673F096C2BFFDA3AB2 /* [CP] Check Pods Manifest.lock */ = {
			isa = PBXShellScriptBuildPhase;
			buildActionMask = 2147483647;
			files = (
			);
			inputPaths = (
				"${PODS_PODFILE_DIR_PATH}/Podfile.lock",
				"${PODS_ROOT}/Manifest.lock",
			);
			name = "[CP] Check Pods Manifest.lock";
			outputPaths = (
				"$(DERIVED_FILE_DIR)/Pods-BrainPie-checkManifestLockResult.txt",
			);
			runOnlyForDeploymentPostprocessing = 0;
			shellPath = /bin/sh;
			shellScript = "diff \"${PODS_PODFILE_DIR_PATH}/Podfile.lock\" \"${PODS_ROOT}/Manifest.lock\" > /dev/null\nif [ $? != 0 ] ; then\n    # print error to STDERR\n    echo \"error: The sandbox is not in sync with the Podfile.lock. Run 'pod install' or update your CocoaPods installation.\" >&2\n    exit 1\nfi\n# This output is used by Xcode 'outputs' to avoid re-running this script phase.\necho \"SUCCESS\" > \"${SCRIPT_OUTPUT_FILE_0}\"\n";
			showEnvVarsInLog = 0;
		};
		94A8B272C2BCC50CCD0922EF /* [CP] Check Pods Manifest.lock */ = {
			isa = PBXShellScriptBuildPhase;
			buildActionMask = 2147483647;
			files = (
			);
			inputPaths = (
				"${PODS_PODFILE_DIR_PATH}/Podfile.lock",
				"${PODS_ROOT}/Manifest.lock",
			);
			name = "[CP] Check Pods Manifest.lock";
			outputPaths = (
				"$(DERIVED_FILE_DIR)/Pods-BrainPieTests-checkManifestLockResult.txt",
			);
			runOnlyForDeploymentPostprocessing = 0;
			shellPath = /bin/sh;
			shellScript = "diff \"${PODS_PODFILE_DIR_PATH}/Podfile.lock\" \"${PODS_ROOT}/Manifest.lock\" > /dev/null\nif [ $? != 0 ] ; then\n    # print error to STDERR\n    echo \"error: The sandbox is not in sync with the Podfile.lock. Run 'pod install' or update your CocoaPods installation.\" >&2\n    exit 1\nfi\n# This output is used by Xcode 'outputs' to avoid re-running this script phase.\necho \"SUCCESS\" > \"${SCRIPT_OUTPUT_FILE_0}\"\n";
			showEnvVarsInLog = 0;
		};
		E1B8FB27E6ACA250DC6DA34A /* [CP] Embed Pods Frameworks */ = {
			isa = PBXShellScriptBuildPhase;
			buildActionMask = 2147483647;
			files = (
			);
			inputPaths = (
				"${SRCROOT}/Pods/Target Support Files/Pods-BrainPie/Pods-BrainPie-frameworks.sh",
				"${BUILT_PRODUCTS_DIR}/IGListKit/IGListKit.framework",
				"${BUILT_PRODUCTS_DIR}/MKRingProgressView/MKRingProgressView.framework",
				"${BUILT_PRODUCTS_DIR}/Reusable/Reusable.framework",
				"${BUILT_PRODUCTS_DIR}/SDWebImage/SDWebImage.framework",
				"${BUILT_PRODUCTS_DIR}/SwiftyJSON/SwiftyJSON.framework",
			);
			name = "[CP] Embed Pods Frameworks";
			outputPaths = (
				"${TARGET_BUILD_DIR}/${FRAMEWORKS_FOLDER_PATH}/IGListKit.framework",
				"${TARGET_BUILD_DIR}/${FRAMEWORKS_FOLDER_PATH}/MKRingProgressView.framework",
				"${TARGET_BUILD_DIR}/${FRAMEWORKS_FOLDER_PATH}/Reusable.framework",
				"${TARGET_BUILD_DIR}/${FRAMEWORKS_FOLDER_PATH}/SDWebImage.framework",
				"${TARGET_BUILD_DIR}/${FRAMEWORKS_FOLDER_PATH}/SwiftyJSON.framework",
			);
			runOnlyForDeploymentPostprocessing = 0;
			shellPath = /bin/sh;
			shellScript = "\"${SRCROOT}/Pods/Target Support Files/Pods-BrainPie/Pods-BrainPie-frameworks.sh\"\n";
			showEnvVarsInLog = 0;
		};
/* End PBXShellScriptBuildPhase section */

/* Begin PBXSourcesBuildPhase section */
		E0A0C6F021FC64440001F83D /* Sources */ = {
			isa = PBXSourcesBuildPhase;
			buildActionMask = 2147483647;
			files = (
				5B6A7C7F21FC704C00E956E7 /* LanguageCollectionViewCell.swift in Sources */,
				5B6A7C7B21FC6FF600E956E7 /* LessonsViewController.swift in Sources */,
				5B6A7C8121FC705D00E956E7 /* ContinueCourseCollectionViewCell.swift in Sources */,
				5B6A7C6F21FC6D8900E956E7 /* CellsID.swift in Sources */,
				E0A0C75B21FC73140001F83D /* BlankQuizContainerItem.swift in Sources */,
				5B6A7C7121FC6E1A00E956E7 /* CaptureViewController.swift in Sources */,
				5B6A7C7321FC6E2A00E956E7 /* ChatBotViewController.swift in Sources */,
				E0A0C75721FC72B60001F83D /* ImageQuizContainerCell.swift in Sources */,
				E0A0C75C21FC73140001F83D /* BlankQuizContainerSectionController.swift in Sources */,
				5B6A7C7721FC6E5300E956E7 /* MainTabBarController.swift in Sources */,
				5B6A7C7D21FC703800E956E7 /* LanguageHeaderCollectionViewCell.swift in Sources */,
				E0A0C74E21FC729F0001F83D /* QuizViewController.swift in Sources */,
				E0A0C6F821FC64450001F83D /* AppDelegate.swift in Sources */,
				5B602C3421FC69E9002E4EE4 /* Extensions.swift in Sources */,
				E0A0C74F21FC729F0001F83D /* BlankQuizContainerCell.swift in Sources */,
				E0A0C75821FC72B60001F83D /* ImageQuizContainerItem.swift in Sources */,
				E0A0C75621FC72B60001F83D /* ImageQuizContainerSectionController.swift in Sources */,
				5B6A7C7521FC6E3D00E956E7 /* HomeViewController.swift in Sources */,
				5B6A7C7921FC6E6A00E956E7 /* SettingsViewController.swift in Sources */,
			);
			runOnlyForDeploymentPostprocessing = 0;
		};
		E0A0C70421FC64450001F83D /* Sources */ = {
			isa = PBXSourcesBuildPhase;
			buildActionMask = 2147483647;
			files = (
				E0A0C70D21FC64450001F83D /* BrainPieTests.swift in Sources */,
			);
			runOnlyForDeploymentPostprocessing = 0;
		};
		E0A0C70F21FC64460001F83D /* Sources */ = {
			isa = PBXSourcesBuildPhase;
			buildActionMask = 2147483647;
			files = (
				E0A0C71821FC64460001F83D /* BrainPieUITests.swift in Sources */,
			);
			runOnlyForDeploymentPostprocessing = 0;
		};
/* End PBXSourcesBuildPhase section */

/* Begin PBXTargetDependency section */
		E0A0C70A21FC64450001F83D /* PBXTargetDependency */ = {
			isa = PBXTargetDependency;
			target = E0A0C6F321FC64440001F83D /* BrainPie */;
			targetProxy = E0A0C70921FC64450001F83D /* PBXContainerItemProxy */;
		};
		E0A0C71521FC64460001F83D /* PBXTargetDependency */ = {
			isa = PBXTargetDependency;
			target = E0A0C6F321FC64440001F83D /* BrainPie */;
			targetProxy = E0A0C71421FC64460001F83D /* PBXContainerItemProxy */;
		};
/* End PBXTargetDependency section */

/* Begin PBXVariantGroup section */
		E0A0C6FB21FC64450001F83D /* Main.storyboard */ = {
			isa = PBXVariantGroup;
			children = (
				E0A0C6FC21FC64450001F83D /* Base */,
			);
			name = Main.storyboard;
			sourceTree = "<group>";
		};
		E0A0C70021FC64450001F83D /* LaunchScreen.storyboard */ = {
			isa = PBXVariantGroup;
			children = (
				E0A0C70121FC64450001F83D /* Base */,
			);
			name = LaunchScreen.storyboard;
			sourceTree = "<group>";
		};
/* End PBXVariantGroup section */

/* Begin XCBuildConfiguration section */
		E0A0C71A21FC64460001F83D /* Debug */ = {
			isa = XCBuildConfiguration;
			buildSettings = {
				ALWAYS_SEARCH_USER_PATHS = NO;
				CLANG_ANALYZER_NONNULL = YES;
				CLANG_ANALYZER_NUMBER_OBJECT_CONVERSION = YES_AGGRESSIVE;
				CLANG_CXX_LANGUAGE_STANDARD = "gnu++14";
				CLANG_CXX_LIBRARY = "libc++";
				CLANG_ENABLE_MODULES = YES;
				CLANG_ENABLE_OBJC_ARC = YES;
				CLANG_ENABLE_OBJC_WEAK = YES;
				CLANG_WARN_BLOCK_CAPTURE_AUTORELEASING = YES;
				CLANG_WARN_BOOL_CONVERSION = YES;
				CLANG_WARN_COMMA = YES;
				CLANG_WARN_CONSTANT_CONVERSION = YES;
				CLANG_WARN_DEPRECATED_OBJC_IMPLEMENTATIONS = YES;
				CLANG_WARN_DIRECT_OBJC_ISA_USAGE = YES_ERROR;
				CLANG_WARN_DOCUMENTATION_COMMENTS = YES;
				CLANG_WARN_EMPTY_BODY = YES;
				CLANG_WARN_ENUM_CONVERSION = YES;
				CLANG_WARN_INFINITE_RECURSION = YES;
				CLANG_WARN_INT_CONVERSION = YES;
				CLANG_WARN_NON_LITERAL_NULL_CONVERSION = YES;
				CLANG_WARN_OBJC_IMPLICIT_RETAIN_SELF = YES;
				CLANG_WARN_OBJC_LITERAL_CONVERSION = YES;
				CLANG_WARN_OBJC_ROOT_CLASS = YES_ERROR;
				CLANG_WARN_RANGE_LOOP_ANALYSIS = YES;
				CLANG_WARN_STRICT_PROTOTYPES = YES;
				CLANG_WARN_SUSPICIOUS_MOVE = YES;
				CLANG_WARN_UNGUARDED_AVAILABILITY = YES_AGGRESSIVE;
				CLANG_WARN_UNREACHABLE_CODE = YES;
				CLANG_WARN__DUPLICATE_METHOD_MATCH = YES;
				CODE_SIGN_IDENTITY = "iPhone Developer";
				COPY_PHASE_STRIP = NO;
				DEBUG_INFORMATION_FORMAT = dwarf;
				ENABLE_STRICT_OBJC_MSGSEND = YES;
				ENABLE_TESTABILITY = YES;
				GCC_C_LANGUAGE_STANDARD = gnu11;
				GCC_DYNAMIC_NO_PIC = NO;
				GCC_NO_COMMON_BLOCKS = YES;
				GCC_OPTIMIZATION_LEVEL = 0;
				GCC_PREPROCESSOR_DEFINITIONS = (
					"DEBUG=1",
					"$(inherited)",
				);
				GCC_WARN_64_TO_32_BIT_CONVERSION = YES;
				GCC_WARN_ABOUT_RETURN_TYPE = YES_ERROR;
				GCC_WARN_UNDECLARED_SELECTOR = YES;
				GCC_WARN_UNINITIALIZED_AUTOS = YES_AGGRESSIVE;
				GCC_WARN_UNUSED_FUNCTION = YES;
				GCC_WARN_UNUSED_VARIABLE = YES;
				IPHONEOS_DEPLOYMENT_TARGET = 12.1;
				MTL_ENABLE_DEBUG_INFO = INCLUDE_SOURCE;
				MTL_FAST_MATH = YES;
				ONLY_ACTIVE_ARCH = YES;
				SDKROOT = iphoneos;
				SWIFT_ACTIVE_COMPILATION_CONDITIONS = DEBUG;
				SWIFT_OPTIMIZATION_LEVEL = "-Onone";
			};
			name = Debug;
		};
		E0A0C71B21FC64460001F83D /* Release */ = {
			isa = XCBuildConfiguration;
			buildSettings = {
				ALWAYS_SEARCH_USER_PATHS = NO;
				CLANG_ANALYZER_NONNULL = YES;
				CLANG_ANALYZER_NUMBER_OBJECT_CONVERSION = YES_AGGRESSIVE;
				CLANG_CXX_LANGUAGE_STANDARD = "gnu++14";
				CLANG_CXX_LIBRARY = "libc++";
				CLANG_ENABLE_MODULES = YES;
				CLANG_ENABLE_OBJC_ARC = YES;
				CLANG_ENABLE_OBJC_WEAK = YES;
				CLANG_WARN_BLOCK_CAPTURE_AUTORELEASING = YES;
				CLANG_WARN_BOOL_CONVERSION = YES;
				CLANG_WARN_COMMA = YES;
				CLANG_WARN_CONSTANT_CONVERSION = YES;
				CLANG_WARN_DEPRECATED_OBJC_IMPLEMENTATIONS = YES;
				CLANG_WARN_DIRECT_OBJC_ISA_USAGE = YES_ERROR;
				CLANG_WARN_DOCUMENTATION_COMMENTS = YES;
				CLANG_WARN_EMPTY_BODY = YES;
				CLANG_WARN_ENUM_CONVERSION = YES;
				CLANG_WARN_INFINITE_RECURSION = YES;
				CLANG_WARN_INT_CONVERSION = YES;
				CLANG_WARN_NON_LITERAL_NULL_CONVERSION = YES;
				CLANG_WARN_OBJC_IMPLICIT_RETAIN_SELF = YES;
				CLANG_WARN_OBJC_LITERAL_CONVERSION = YES;
				CLANG_WARN_OBJC_ROOT_CLASS = YES_ERROR;
				CLANG_WARN_RANGE_LOOP_ANALYSIS = YES;
				CLANG_WARN_STRICT_PROTOTYPES = YES;
				CLANG_WARN_SUSPICIOUS_MOVE = YES;
				CLANG_WARN_UNGUARDED_AVAILABILITY = YES_AGGRESSIVE;
				CLANG_WARN_UNREACHABLE_CODE = YES;
				CLANG_WARN__DUPLICATE_METHOD_MATCH = YES;
				CODE_SIGN_IDENTITY = "iPhone Developer";
				COPY_PHASE_STRIP = NO;
				DEBUG_INFORMATION_FORMAT = "dwarf-with-dsym";
				ENABLE_NS_ASSERTIONS = NO;
				ENABLE_STRICT_OBJC_MSGSEND = YES;
				GCC_C_LANGUAGE_STANDARD = gnu11;
				GCC_NO_COMMON_BLOCKS = YES;
				GCC_WARN_64_TO_32_BIT_CONVERSION = YES;
				GCC_WARN_ABOUT_RETURN_TYPE = YES_ERROR;
				GCC_WARN_UNDECLARED_SELECTOR = YES;
				GCC_WARN_UNINITIALIZED_AUTOS = YES_AGGRESSIVE;
				GCC_WARN_UNUSED_FUNCTION = YES;
				GCC_WARN_UNUSED_VARIABLE = YES;
				IPHONEOS_DEPLOYMENT_TARGET = 12.1;
				MTL_ENABLE_DEBUG_INFO = NO;
				MTL_FAST_MATH = YES;
				SDKROOT = iphoneos;
				SWIFT_COMPILATION_MODE = wholemodule;
				SWIFT_OPTIMIZATION_LEVEL = "-O";
				VALIDATE_PRODUCT = YES;
			};
			name = Release;
		};
		E0A0C71D21FC64460001F83D /* Debug */ = {
			isa = XCBuildConfiguration;
			baseConfigurationReference = C12A2772E7C45128831D7084 /* Pods-BrainPie.debug.xcconfig */;
			buildSettings = {
				ASSETCATALOG_COMPILER_APPICON_NAME = AppIcon;
				CODE_SIGN_STYLE = Automatic;
				DEVELOPMENT_TEAM = 9J23G5958U;
				INFOPLIST_FILE = BrainPie/Info.plist;
				LD_RUNPATH_SEARCH_PATHS = (
					"$(inherited)",
					"@executable_path/Frameworks",
				);
				PRODUCT_BUNDLE_IDENTIFIER = com.DietBrain.BrainPie;
				PRODUCT_NAME = "$(TARGET_NAME)";
				SWIFT_VERSION = 4.2;
				TARGETED_DEVICE_FAMILY = "1,2";
			};
			name = Debug;
		};
		E0A0C71E21FC64460001F83D /* Release */ = {
			isa = XCBuildConfiguration;
			baseConfigurationReference = 75E4E03CC30038F145F7385A /* Pods-BrainPie.release.xcconfig */;
			buildSettings = {
				ASSETCATALOG_COMPILER_APPICON_NAME = AppIcon;
				CODE_SIGN_STYLE = Automatic;
				DEVELOPMENT_TEAM = 9J23G5958U;
				INFOPLIST_FILE = BrainPie/Info.plist;
				LD_RUNPATH_SEARCH_PATHS = (
					"$(inherited)",
					"@executable_path/Frameworks",
				);
				PRODUCT_BUNDLE_IDENTIFIER = com.DietBrain.BrainPie;
				PRODUCT_NAME = "$(TARGET_NAME)";
				SWIFT_VERSION = 4.2;
				TARGETED_DEVICE_FAMILY = "1,2";
			};
			name = Release;
		};
		E0A0C72021FC64460001F83D /* Debug */ = {
			isa = XCBuildConfiguration;
			baseConfigurationReference = 9CE4BBC9084BB9D665EC703C /* Pods-BrainPieTests.debug.xcconfig */;
			buildSettings = {
				ALWAYS_EMBED_SWIFT_STANDARD_LIBRARIES = YES;
				BUNDLE_LOADER = "$(TEST_HOST)";
				CODE_SIGN_STYLE = Automatic;
				DEVELOPMENT_TEAM = 9J23G5958U;
				INFOPLIST_FILE = BrainPieTests/Info.plist;
				LD_RUNPATH_SEARCH_PATHS = (
					"$(inherited)",
					"@executable_path/Frameworks",
					"@loader_path/Frameworks",
				);
				PRODUCT_BUNDLE_IDENTIFIER = com.DietBrain.BrainPieTests;
				PRODUCT_NAME = "$(TARGET_NAME)";
				SWIFT_VERSION = 4.2;
				TARGETED_DEVICE_FAMILY = "1,2";
				TEST_HOST = "$(BUILT_PRODUCTS_DIR)/BrainPie.app/BrainPie";
			};
			name = Debug;
		};
		E0A0C72121FC64460001F83D /* Release */ = {
			isa = XCBuildConfiguration;
			baseConfigurationReference = C5A7849C8E2470506BC3FF11 /* Pods-BrainPieTests.release.xcconfig */;
			buildSettings = {
				ALWAYS_EMBED_SWIFT_STANDARD_LIBRARIES = YES;
				BUNDLE_LOADER = "$(TEST_HOST)";
				CODE_SIGN_STYLE = Automatic;
				DEVELOPMENT_TEAM = 9J23G5958U;
				INFOPLIST_FILE = BrainPieTests/Info.plist;
				LD_RUNPATH_SEARCH_PATHS = (
					"$(inherited)",
					"@executable_path/Frameworks",
					"@loader_path/Frameworks",
				);
				PRODUCT_BUNDLE_IDENTIFIER = com.DietBrain.BrainPieTests;
				PRODUCT_NAME = "$(TARGET_NAME)";
				SWIFT_VERSION = 4.2;
				TARGETED_DEVICE_FAMILY = "1,2";
				TEST_HOST = "$(BUILT_PRODUCTS_DIR)/BrainPie.app/BrainPie";
			};
			name = Release;
		};
		E0A0C72321FC64460001F83D /* Debug */ = {
			isa = XCBuildConfiguration;
			baseConfigurationReference = 5468DFA27303A4503EA1F488 /* Pods-BrainPieUITests.debug.xcconfig */;
			buildSettings = {
				ALWAYS_EMBED_SWIFT_STANDARD_LIBRARIES = YES;
				CODE_SIGN_STYLE = Automatic;
				DEVELOPMENT_TEAM = 9J23G5958U;
				INFOPLIST_FILE = BrainPieUITests/Info.plist;
				LD_RUNPATH_SEARCH_PATHS = (
					"$(inherited)",
					"@executable_path/Frameworks",
					"@loader_path/Frameworks",
				);
				PRODUCT_BUNDLE_IDENTIFIER = com.DietBrain.BrainPieUITests;
				PRODUCT_NAME = "$(TARGET_NAME)";
				SWIFT_VERSION = 4.2;
				TARGETED_DEVICE_FAMILY = "1,2";
				TEST_TARGET_NAME = BrainPie;
			};
			name = Debug;
		};
		E0A0C72421FC64460001F83D /* Release */ = {
			isa = XCBuildConfiguration;
			baseConfigurationReference = DCC5BE3C4ADE07C45B41D398 /* Pods-BrainPieUITests.release.xcconfig */;
			buildSettings = {
				ALWAYS_EMBED_SWIFT_STANDARD_LIBRARIES = YES;
				CODE_SIGN_STYLE = Automatic;
				DEVELOPMENT_TEAM = 9J23G5958U;
				INFOPLIST_FILE = BrainPieUITests/Info.plist;
				LD_RUNPATH_SEARCH_PATHS = (
					"$(inherited)",
					"@executable_path/Frameworks",
					"@loader_path/Frameworks",
				);
				PRODUCT_BUNDLE_IDENTIFIER = com.DietBrain.BrainPieUITests;
				PRODUCT_NAME = "$(TARGET_NAME)";
				SWIFT_VERSION = 4.2;
				TARGETED_DEVICE_FAMILY = "1,2";
				TEST_TARGET_NAME = BrainPie;
			};
			name = Release;
		};
/* End XCBuildConfiguration section */

/* Begin XCConfigurationList section */
		E0A0C6EF21FC64440001F83D /* Build configuration list for PBXProject "BrainPie" */ = {
			isa = XCConfigurationList;
			buildConfigurations = (
				E0A0C71A21FC64460001F83D /* Debug */,
				E0A0C71B21FC64460001F83D /* Release */,
			);
			defaultConfigurationIsVisible = 0;
			defaultConfigurationName = Release;
		};
		E0A0C71C21FC64460001F83D /* Build configuration list for PBXNativeTarget "BrainPie" */ = {
			isa = XCConfigurationList;
			buildConfigurations = (
				E0A0C71D21FC64460001F83D /* Debug */,
				E0A0C71E21FC64460001F83D /* Release */,
			);
			defaultConfigurationIsVisible = 0;
			defaultConfigurationName = Release;
		};
		E0A0C71F21FC64460001F83D /* Build configuration list for PBXNativeTarget "BrainPieTests" */ = {
			isa = XCConfigurationList;
			buildConfigurations = (
				E0A0C72021FC64460001F83D /* Debug */,
				E0A0C72121FC64460001F83D /* Release */,
			);
			defaultConfigurationIsVisible = 0;
			defaultConfigurationName = Release;
		};
		E0A0C72221FC64460001F83D /* Build configuration list for PBXNativeTarget "BrainPieUITests" */ = {
			isa = XCConfigurationList;
			buildConfigurations = (
				E0A0C72321FC64460001F83D /* Debug */,
				E0A0C72421FC64460001F83D /* Release */,
			);
			defaultConfigurationIsVisible = 0;
			defaultConfigurationName = Release;
		};
/* End XCConfigurationList section */
	};
	rootObject = E0A0C6EC21FC64440001F83D /* Project object */;
}
